
Microsoft Visual Studio Solution File, Format Version 12.00
# Visual Studio 15
VisualStudioVersion = 15.0.27004.2002
MinimumVisualStudioVersion = 10.0.40219.1
Project("{FAE04EC0-301F-11D3-BF4B-00C04F79EFBC}") = "HardwareCheckoutSystemAdmin.App", "HardwareCheckoutSystemAdmin\HardwareCheckoutSystemAdmin.App.csproj", "{3942FC02-B525-46A4-AB2C-1DF9462FBC72}"
EndProject
Project("{FAE04EC0-301F-11D3-BF4B-00C04F79EFBC}") = "HardwareCheckoutSystemAdmin.Module.Main", "HardwareCheckoutSystemAdmin.Module.Main\HardwareCheckoutSystemAdmin.Module.Main.csproj", "{4048393A-4F85-400C-9A63-DAB2E576CDB5}"
EndProject
Project("{FAE04EC0-301F-11D3-BF4B-00C04F79EFBC}") = "HardwareCheckoutSystemAdmin.Common", "HardwareCheckoutSystemAdmin.Common\HardwareCheckoutSystemAdmin.Common.csproj", "{EB90F234-A632-46B8-BDD5-71FFCAB12500}"
EndProject
Project("{2150E333-8FDC-42A3-9474-1A3956D46DE8}") = "Data", "Data", "{4B64B48C-1015-4083-B0ED-BDD3EE112AAA}"
EndProject
Project("{FAE04EC0-301F-11D3-BF4B-00C04F79EFBC}") = "HardwareCheckoutSystemAdmin.Models", "HardwareCheckoutSystemAdmin.Models\HardwareCheckoutSystemAdmin.Models.csproj", "{5B83FC4C-DBB4-4F55-A74B-344ED25433BE}"
EndProject
Project("{FAE04EC0-301F-11D3-BF4B-00C04F79EFBC}") = "HardwareCheckoutSystemAdmin.Data", "HardwareCheckoutSystemAdmin.Data\HardwareCheckoutSystemAdmin.Data.csproj", "{34FBE2A4-E3C5-4CF5-9169-C94F54D0951B}"
EndProject
Project("{FAE04EC0-301F-11D3-BF4B-00C04F79EFBC}") = "HardwareCheckoutSystemAdmin.Data.Services", "HardwareCheckoutSystemAdmin.Data.Services\HardwareCheckoutSystemAdmin.Data.Services.csproj", "{625CE3FE-FFCD-440C-9BAF-087044F1E24E}"
EndProject
Project("{FAE04EC0-301F-11D3-BF4B-00C04F79EFBC}") = "HardwareCheckoutSystemAdmin.Data.Infrastructure", "HardwareCheckoutSystemAdmin.Data.Infrastucture\HardwareCheckoutSystemAdmin.Data.Infrastructure.csproj", "{FBBC1189-56AD-4BF2-9355-D92D036C8472}"
EndProject
Global
	GlobalSection(SolutionConfigurationPlatforms) = preSolution
		Debug|Any CPU = Debug|Any CPU
		Release|Any CPU = Release|Any CPU
	EndGlobalSection
	GlobalSection(ProjectConfigurationPlatforms) = postSolution
		{3942FC02-B525-46A4-AB2C-1DF9462FBC72}.Debug|Any CPU.ActiveCfg = Debug|Any CPU
		{3942FC02-B525-46A4-AB2C-1DF9462FBC72}.Debug|Any CPU.Build.0 = Debug|Any CPU
		{3942FC02-B525-46A4-AB2C-1DF9462FBC72}.Release|Any CPU.ActiveCfg = Release|Any CPU
		{3942FC02-B525-46A4-AB2C-1DF9462FBC72}.Release|Any CPU.Build.0 = Release|Any CPU
		{4048393A-4F85-400C-9A63-DAB2E576CDB5}.Debug|Any CPU.ActiveCfg = Debug|Any CPU
		{4048393A-4F85-400C-9A63-DAB2E576CDB5}.Debug|Any CPU.Build.0 = Debug|Any CPU
		{4048393A-4F85-400C-9A63-DAB2E576CDB5}.Release|Any CPU.ActiveCfg = Release|Any CPU
		{4048393A-4F85-400C-9A63-DAB2E576CDB5}.Release|Any CPU.Build.0 = Release|Any CPU
		{EB90F234-A632-46B8-BDD5-71FFCAB12500}.Debug|Any CPU.ActiveCfg = Debug|Any CPU
		{EB90F234-A632-46B8-BDD5-71FFCAB12500}.Debug|Any CPU.Build.0 = Debug|Any CPU
		{EB90F234-A632-46B8-BDD5-71FFCAB12500}.Release|Any CPU.ActiveCfg = Release|Any CPU
		{EB90F234-A632-46B8-BDD5-71FFCAB12500}.Release|Any CPU.Build.0 = Release|Any CPU
		{5B83FC4C-DBB4-4F55-A74B-344ED25433BE}.Debug|Any CPU.ActiveCfg = Debug|Any CPU
		{5B83FC4C-DBB4-4F55-A74B-344ED25433BE}.Debug|Any CPU.Build.0 = Debug|Any CPU
		{5B83FC4C-DBB4-4F55-A74B-344ED25433BE}.Release|Any CPU.ActiveCfg = Release|Any CPU
		{5B83FC4C-DBB4-4F55-A74B-344ED25433BE}.Release|Any CPU.Build.0 = Release|Any CPU
		{34FBE2A4-E3C5-4CF5-9169-C94F54D0951B}.Debug|Any CPU.ActiveCfg = Debug|Any CPU
		{34FBE2A4-E3C5-4CF5-9169-C94F54D0951B}.Debug|Any CPU.Build.0 = Debug|Any CPU
		{34FBE2A4-E3C5-4CF5-9169-C94F54D0951B}.Release|Any CPU.ActiveCfg = Release|Any CPU
		{34FBE2A4-E3C5-4CF5-9169-C94F54D0951B}.Release|Any CPU.Build.0 = Release|Any CPU
		{625CE3FE-FFCD-440C-9BAF-087044F1E24E}.Debug|Any CPU.ActiveCfg = Debug|Any CPU
		{625CE3FE-FFCD-440C-9BAF-087044F1E24E}.Debug|Any CPU.Build.0 = Debug|Any CPU
		{625CE3FE-FFCD-440C-9BAF-087044F1E24E}.Release|Any CPU.ActiveCfg = Release|Any CPU
		{625CE3FE-FFCD-440C-9BAF-087044F1E24E}.Release|Any CPU.Build.0 = Release|Any CPU
		{FBBC1189-56AD-4BF2-9355-D92D036C8472}.Debug|Any CPU.ActiveCfg = Debug|Any CPU
		{FBBC1189-56AD-4BF2-9355-D92D036C8472}.Debug|Any CPU.Build.0 = Debug|Any CPU
		{FBBC1189-56AD-4BF2-9355-D92D036C8472}.Release|Any CPU.ActiveCfg = Release|Any CPU
		{FBBC1189-56AD-4BF2-9355-D92D036C8472}.Release|Any CPU.Build.0 = Release|Any CPU
	EndGlobalSection
	GlobalSection(SolutionProperties) = preSolution
		HideSolutionNode = FALSE
	EndGlobalSection
	GlobalSection(NestedProjects) = preSolution
		{5B83FC4C-DBB4-4F55-A74B-344ED25433BE} = {4B64B48C-1015-4083-B0ED-BDD3EE112AAA}
		{34FBE2A4-E3C5-4CF5-9169-C94F54D0951B} = {4B64B48C-1015-4083-B0ED-BDD3EE112AAA}
		{625CE3FE-FFCD-440C-9BAF-087044F1E24E} = {4B64B48C-1015-4083-B0ED-BDD3EE112AAA}
		{FBBC1189-56AD-4BF2-9355-D92D036C8472} = {4B64B48C-1015-4083-B0ED-BDD3EE112AAA}
	EndGlobalSection
	GlobalSection(ExtensibilityGlobals) = postSolution
		SolutionGuid = {26CACC66-975D-44CD-BE34-01A0F7C22330}
	EndGlobalSection
EndGlobal
